
Microsoft Visual Studio Solution File, Format Version 12.00
Project("{FAE04EC0-301F-11D3-BF4B-00C04F79EFBC}") = "UsersApi", "UsersApi\UsersApi.csproj", "{592DD915-CE75-4DEA-9E3B-9BE39E625FBF}"
EndProject
Project("{FAE04EC0-301F-11D3-BF4B-00C04F79EFBC}") = "UsersDatabase", "UsersDatabase\UsersDatabase.csproj", "{73F66C0B-DF1E-4F0B-94FD-C73D133F8183}"
EndProject
Project("{FAE04EC0-301F-11D3-BF4B-00C04F79EFBC}") = "UsersDomain", "UsersDomain\UsersDomain.csproj", "{0AFB55A9-20CB-4295-93DB-F4179AE4846F}"
EndProject
Project("{FAE04EC0-301F-11D3-BF4B-00C04F79EFBC}") = "UsersApplication", "UsersApplication\UsersApplication.csproj", "{B66EE475-5F6E-4C06-B73C-14D947B11D40}"
EndProject
Project("{2150E333-8FDC-42A3-9474-1A3956D46DE8}") = "SolutionFiles", "SolutionFiles", "{C718D53F-5AF2-40D0-B6F3-6303053EF158}"
	ProjectSection(SolutionItems) = preProject
		Directory.Build.props = Directory.Build.props
		docker-compose.yml = docker-compose.yml
	EndProjectSection
EndProject
Project("{2150E333-8FDC-42A3-9474-1A3956D46DE8}") = "Src", "Src", "{D4357656-9217-411E-AFD4-C169D51ACE62}"
EndProject
Project("{FAE04EC0-301F-11D3-BF4B-00C04F79EFBC}") = "ProjectsApi", "ProjectsApi\ProjectsApi.csproj", "{EA228FAE-D96B-4F25-AEF7-A5BBA6A1970E}"
EndProject
Project("{FAE04EC0-301F-11D3-BF4B-00C04F79EFBC}") = "ProjectsDomain", "ProjectsDomain\ProjectsDomain.csproj", "{08B735F3-5F83-4057-8284-CE88674741F4}"
EndProject
Project("{FAE04EC0-301F-11D3-BF4B-00C04F79EFBC}") = "SharedDomain", "SharedDomain\SharedDomain.csproj", "{64163FD3-F8E2-40BE-A3B2-4E46F3165054}"
EndProject
Project("{FAE04EC0-301F-11D3-BF4B-00C04F79EFBC}") = "ProjectsApplication", "ProjectsApplication\ProjectsApplication.csproj", "{5079F2C8-6E72-475B-9318-9AA6C7D695D7}"
EndProject
Project("{2150E333-8FDC-42A3-9474-1A3956D46DE8}") = "Tests", "Tests", "{281D2112-68F2-4C6A-8442-663B8A868F08}"
EndProject
Project("{FAE04EC0-301F-11D3-BF4B-00C04F79EFBC}") = "UsersTests", "UsersTests\UsersTests.csproj", "{75177F02-6783-4A21-80DF-E6DEA85B5748}"
EndProject
Project("{FAE04EC0-301F-11D3-BF4B-00C04F79EFBC}") = "UsersIntegrationTests", "UsersIntegrationTests\UsersIntegrationTests.csproj", "{81F19F30-E036-4669-AE56-3D59F6D9599E}"
EndProject
Global
	GlobalSection(SolutionConfigurationPlatforms) = preSolution
		Debug|Any CPU = Debug|Any CPU
		Release|Any CPU = Release|Any CPU
	EndGlobalSection
	GlobalSection(ProjectConfigurationPlatforms) = postSolution
		{592DD915-CE75-4DEA-9E3B-9BE39E625FBF}.Debug|Any CPU.ActiveCfg = Debug|Any CPU
		{592DD915-CE75-4DEA-9E3B-9BE39E625FBF}.Debug|Any CPU.Build.0 = Debug|Any CPU
		{592DD915-CE75-4DEA-9E3B-9BE39E625FBF}.Release|Any CPU.ActiveCfg = Release|Any CPU
		{592DD915-CE75-4DEA-9E3B-9BE39E625FBF}.Release|Any CPU.Build.0 = Release|Any CPU
		{73F66C0B-DF1E-4F0B-94FD-C73D133F8183}.Debug|Any CPU.ActiveCfg = Debug|Any CPU
		{73F66C0B-DF1E-4F0B-94FD-C73D133F8183}.Debug|Any CPU.Build.0 = Debug|Any CPU
		{73F66C0B-DF1E-4F0B-94FD-C73D133F8183}.Release|Any CPU.ActiveCfg = Release|Any CPU
		{73F66C0B-DF1E-4F0B-94FD-C73D133F8183}.Release|Any CPU.Build.0 = Release|Any CPU
		{0AFB55A9-20CB-4295-93DB-F4179AE4846F}.Debug|Any CPU.ActiveCfg = Debug|Any CPU
		{0AFB55A9-20CB-4295-93DB-F4179AE4846F}.Debug|Any CPU.Build.0 = Debug|Any CPU
		{0AFB55A9-20CB-4295-93DB-F4179AE4846F}.Release|Any CPU.ActiveCfg = Release|Any CPU
		{0AFB55A9-20CB-4295-93DB-F4179AE4846F}.Release|Any CPU.Build.0 = Release|Any CPU
		{B66EE475-5F6E-4C06-B73C-14D947B11D40}.Debug|Any CPU.ActiveCfg = Debug|Any CPU
		{B66EE475-5F6E-4C06-B73C-14D947B11D40}.Debug|Any CPU.Build.0 = Debug|Any CPU
		{B66EE475-5F6E-4C06-B73C-14D947B11D40}.Release|Any CPU.ActiveCfg = Release|Any CPU
		{B66EE475-5F6E-4C06-B73C-14D947B11D40}.Release|Any CPU.Build.0 = Release|Any CPU
		{EA228FAE-D96B-4F25-AEF7-A5BBA6A1970E}.Debug|Any CPU.ActiveCfg = Debug|Any CPU
		{EA228FAE-D96B-4F25-AEF7-A5BBA6A1970E}.Debug|Any CPU.Build.0 = Debug|Any CPU
		{EA228FAE-D96B-4F25-AEF7-A5BBA6A1970E}.Release|Any CPU.ActiveCfg = Release|Any CPU
		{EA228FAE-D96B-4F25-AEF7-A5BBA6A1970E}.Release|Any CPU.Build.0 = Release|Any CPU
		{08B735F3-5F83-4057-8284-CE88674741F4}.Debug|Any CPU.ActiveCfg = Debug|Any CPU
		{08B735F3-5F83-4057-8284-CE88674741F4}.Debug|Any CPU.Build.0 = Debug|Any CPU
		{08B735F3-5F83-4057-8284-CE88674741F4}.Release|Any CPU.ActiveCfg = Release|Any CPU
		{08B735F3-5F83-4057-8284-CE88674741F4}.Release|Any CPU.Build.0 = Release|Any CPU
		{64163FD3-F8E2-40BE-A3B2-4E46F3165054}.Debug|Any CPU.ActiveCfg = Debug|Any CPU
		{64163FD3-F8E2-40BE-A3B2-4E46F3165054}.Debug|Any CPU.Build.0 = Debug|Any CPU
		{64163FD3-F8E2-40BE-A3B2-4E46F3165054}.Release|Any CPU.ActiveCfg = Release|Any CPU
		{64163FD3-F8E2-40BE-A3B2-4E46F3165054}.Release|Any CPU.Build.0 = Release|Any CPU
		{5079F2C8-6E72-475B-9318-9AA6C7D695D7}.Debug|Any CPU.ActiveCfg = Debug|Any CPU
		{5079F2C8-6E72-475B-9318-9AA6C7D695D7}.Debug|Any CPU.Build.0 = Debug|Any CPU
		{5079F2C8-6E72-475B-9318-9AA6C7D695D7}.Release|Any CPU.ActiveCfg = Release|Any CPU
		{5079F2C8-6E72-475B-9318-9AA6C7D695D7}.Release|Any CPU.Build.0 = Release|Any CPU
		{75177F02-6783-4A21-80DF-E6DEA85B5748}.Debug|Any CPU.ActiveCfg = Debug|Any CPU
		{75177F02-6783-4A21-80DF-E6DEA85B5748}.Debug|Any CPU.Build.0 = Debug|Any CPU
		{75177F02-6783-4A21-80DF-E6DEA85B5748}.Release|Any CPU.ActiveCfg = Release|Any CPU
		{75177F02-6783-4A21-80DF-E6DEA85B5748}.Release|Any CPU.Build.0 = Release|Any CPU
		{81F19F30-E036-4669-AE56-3D59F6D9599E}.Debug|Any CPU.ActiveCfg = Debug|Any CPU
		{81F19F30-E036-4669-AE56-3D59F6D9599E}.Debug|Any CPU.Build.0 = Debug|Any CPU
		{81F19F30-E036-4669-AE56-3D59F6D9599E}.Release|Any CPU.ActiveCfg = Release|Any CPU
		{81F19F30-E036-4669-AE56-3D59F6D9599E}.Release|Any CPU.Build.0 = Release|Any CPU
	EndGlobalSection
	GlobalSection(NestedProjects) = preSolution
		{592DD915-CE75-4DEA-9E3B-9BE39E625FBF} = {D4357656-9217-411E-AFD4-C169D51ACE62}
		{B66EE475-5F6E-4C06-B73C-14D947B11D40} = {D4357656-9217-411E-AFD4-C169D51ACE62}
		{73F66C0B-DF1E-4F0B-94FD-C73D133F8183} = {D4357656-9217-411E-AFD4-C169D51ACE62}
		{0AFB55A9-20CB-4295-93DB-F4179AE4846F} = {D4357656-9217-411E-AFD4-C169D51ACE62}
		{EA228FAE-D96B-4F25-AEF7-A5BBA6A1970E} = {D4357656-9217-411E-AFD4-C169D51ACE62}
		{08B735F3-5F83-4057-8284-CE88674741F4} = {D4357656-9217-411E-AFD4-C169D51ACE62}
		{64163FD3-F8E2-40BE-A3B2-4E46F3165054} = {D4357656-9217-411E-AFD4-C169D51ACE62}
		{5079F2C8-6E72-475B-9318-9AA6C7D695D7} = {D4357656-9217-411E-AFD4-C169D51ACE62}
		{75177F02-6783-4A21-80DF-E6DEA85B5748} = {281D2112-68F2-4C6A-8442-663B8A868F08}
		{81F19F30-E036-4669-AE56-3D59F6D9599E} = {281D2112-68F2-4C6A-8442-663B8A868F08}
	EndGlobalSection
EndGlobal
